
Microsoft Visual Studio Solution File, Format Version 12.00
# Visual Studio Version 17
VisualStudioVersion = 17.9.34616.47
MinimumVisualStudioVersion = 10.0.40219.1
Project("{FAE04EC0-301F-11D3-BF4B-00C04F79EFBC}") = "PrjStrategy", "PrjStrategy\PrjStrategy.csproj", "{5A116048-1C58-4D6E-B536-86BC45C04244}"
EndProject
Global
	GlobalSection(SolutionConfigurationPlatforms) = preSolution
		Debug|Any CPU = Debug|Any CPU
		Release|Any CPU = Release|Any CPU
	EndGlobalSection
	GlobalSection(ProjectConfigurationPlatforms) = postSolution
		{5A116048-1C58-4D6E-B536-86BC45C04244}.Debug|Any CPU.ActiveCfg = Debug|Any CPU
		{5A116048-1C58-4D6E-B536-86BC45C04244}.Debug|Any CPU.Build.0 = Debug|Any CPU
		{5A116048-1C58-4D6E-B536-86BC45C04244}.Release|Any CPU.ActiveCfg = Release|Any CPU
		{5A116048-1C58-4D6E-B536-86BC45C04244}.Release|Any CPU.Build.0 = Release|Any CPU
	EndGlobalSection
	GlobalSection(SolutionProperties) = preSolution
		HideSolutionNode = FALSE
	EndGlobalSection
	GlobalSection(ExtensibilityGlobals) = postSolution
		SolutionGuid = {91F7EF4F-5A49-447D-8D22-6214D297DF8B}
	EndGlobalSection
EndGlobal
